
Microsoft Visual Studio Solution File, Format Version 12.00
# Visual Studio Version 16
VisualStudioVersion = 16.0.32126.315
MinimumVisualStudioVersion = 10.0.40219.1
Project("{9A19103F-16F7-4668-BE54-9A1E7A4F7556}") = "PROG6212 POE  Web Application", "PROG6212 POE  Web Application\PROG6212 POE  Web Application.csproj", "{B6599D2C-C3BB-401A-94C7-D00EFC621D1B}"
EndProject
Project("{9A19103F-16F7-4668-BE54-9A1E7A4F7556}") = "Part 1 Class Library", "PROG6212 Class Library\Part 1 Class Library.csproj", "{A7F8F87C-744E-4B1E-9249-E32C3532D06E}"
EndProject
Project("{9A19103F-16F7-4668-BE54-9A1E7A4F7556}") = "PROG6212 POE Part 1 WPF and Class Library", "WPF Application\PROG6212 POE Part 1 WPF and Class Library.csproj", "{D2B08E12-997F-4B4D-8385-056FFACE2A2E}"
EndProject
Global
	GlobalSection(SolutionConfigurationPlatforms) = preSolution
		Debug|Any CPU = Debug|Any CPU
		Release|Any CPU = Release|Any CPU
	EndGlobalSection
	GlobalSection(ProjectConfigurationPlatforms) = postSolution
		{B6599D2C-C3BB-401A-94C7-D00EFC621D1B}.Debug|Any CPU.ActiveCfg = Debug|Any CPU
		{B6599D2C-C3BB-401A-94C7-D00EFC621D1B}.Debug|Any CPU.Build.0 = Debug|Any CPU
		{B6599D2C-C3BB-401A-94C7-D00EFC621D1B}.Release|Any CPU.ActiveCfg = Release|Any CPU
		{B6599D2C-C3BB-401A-94C7-D00EFC621D1B}.Release|Any CPU.Build.0 = Release|Any CPU
		{A7F8F87C-744E-4B1E-9249-E32C3532D06E}.Debug|Any CPU.ActiveCfg = Debug|Any CPU
		{A7F8F87C-744E-4B1E-9249-E32C3532D06E}.Debug|Any CPU.Build.0 = Debug|Any CPU
		{A7F8F87C-744E-4B1E-9249-E32C3532D06E}.Release|Any CPU.ActiveCfg = Release|Any CPU
		{A7F8F87C-744E-4B1E-9249-E32C3532D06E}.Release|Any CPU.Build.0 = Release|Any CPU
		{D2B08E12-997F-4B4D-8385-056FFACE2A2E}.Debug|Any CPU.ActiveCfg = Debug|Any CPU
		{D2B08E12-997F-4B4D-8385-056FFACE2A2E}.Debug|Any CPU.Build.0 = Debug|Any CPU
		{D2B08E12-997F-4B4D-8385-056FFACE2A2E}.Release|Any CPU.ActiveCfg = Release|Any CPU
		{D2B08E12-997F-4B4D-8385-056FFACE2A2E}.Release|Any CPU.Build.0 = Release|Any CPU
	EndGlobalSection
	GlobalSection(SolutionProperties) = preSolution
		HideSolutionNode = FALSE
	EndGlobalSection
	GlobalSection(ExtensibilityGlobals) = postSolution
		SolutionGuid = {86FBEE24-0A98-46AE-BD2A-84BC84C598FA}
	EndGlobalSection
EndGlobal
